
Microsoft Visual Studio Solution File, Format Version 12.00
# Visual Studio Version 17
VisualStudioVersion = 17.6.33815.320
MinimumVisualStudioVersion = 10.0.40219.1
Project("{8BC9CEB8-8B4A-11D0-8D11-00A0C91BC942}") = "OS_3", "OS_3\OS_3.vcxproj", "{6ABBC816-ECEA-44F7-AA43-B2563C321BAA}"
EndProject
Global
	GlobalSection(SolutionConfigurationPlatforms) = preSolution
		Debug|x64 = Debug|x64
		Debug|x86 = Debug|x86
		Release|x64 = Release|x64
		Release|x86 = Release|x86
	EndGlobalSection
	GlobalSection(ProjectConfigurationPlatforms) = postSolution
		{6ABBC816-ECEA-44F7-AA43-B2563C321BAA}.Debug|x64.ActiveCfg = Debug|x64
		{6ABBC816-ECEA-44F7-AA43-B2563C321BAA}.Debug|x64.Build.0 = Debug|x64
		{6ABBC816-ECEA-44F7-AA43-B2563C321BAA}.Debug|x86.ActiveCfg = Debug|Win32
		{6ABBC816-ECEA-44F7-AA43-B2563C321BAA}.Debug|x86.Build.0 = Debug|Win32
		{6ABBC816-ECEA-44F7-AA43-B2563C321BAA}.Release|x64.ActiveCfg = Release|x64
		{6ABBC816-ECEA-44F7-AA43-B2563C321BAA}.Release|x64.Build.0 = Release|x64
		{6ABBC816-ECEA-44F7-AA43-B2563C321BAA}.Release|x86.ActiveCfg = Release|Win32
		{6ABBC816-ECEA-44F7-AA43-B2563C321BAA}.Release|x86.Build.0 = Release|Win32
	EndGlobalSection
	GlobalSection(SolutionProperties) = preSolution
		HideSolutionNode = FALSE
	EndGlobalSection
	GlobalSection(ExtensibilityGlobals) = postSolution
		SolutionGuid = {95A26DB4-B68C-4504-BA0B-F78EDF05B2FB}
	EndGlobalSection
EndGlobal
